// !$*UTF8*$!
{
	archiveVersion = 1;
	classes = {
	};
	objectVersion = 50;
	objects = {

/* Begin PBXBuildFile section */
		50FC7C74220CC153006FCC35 /* AppDelegate.swift in Sources */ = {isa = PBXBuildFile; fileRef = 50FC7C73220CC153006FCC35 /* AppDelegate.swift */; };
		50FC7C76220CC153006FCC35 /* ViewController.swift in Sources */ = {isa = PBXBuildFile; fileRef = 50FC7C75220CC153006FCC35 /* ViewController.swift */; };
		50FC7C79220CC153006FCC35 /* Main.storyboard in Resources */ = {isa = PBXBuildFile; fileRef = 50FC7C77220CC153006FCC35 /* Main.storyboard */; };
		50FC7C7B220CC154006FCC35 /* Assets.xcassets in Resources */ = {isa = PBXBuildFile; fileRef = 50FC7C7A220CC154006FCC35 /* Assets.xcassets */; };
		50FC7C7E220CC154006FCC35 /* LaunchScreen.storyboard in Resources */ = {isa = PBXBuildFile; fileRef = 50FC7C7C220CC154006FCC35 /* LaunchScreen.storyboard */; };
		50FC7C89220CC154006FCC35 /* AboutMe_PersonalityCheckTests.swift in Sources */ = {isa = PBXBuildFile; fileRef = 50FC7C88220CC154006FCC35 /* AboutMe_PersonalityCheckTests.swift */; };
		50FC7C94220CC154006FCC35 /* AboutMe_PersonalityCheckUITests.swift in Sources */ = {isa = PBXBuildFile; fileRef = 50FC7C93220CC154006FCC35 /* AboutMe_PersonalityCheckUITests.swift */; };
/* End PBXBuildFile section */

/* Begin PBXContainerItemProxy section */
		50FC7C85220CC154006FCC35 /* PBXContainerItemProxy */ = {
			isa = PBXContainerItemProxy;
			containerPortal = 50FC7C68220CC153006FCC35 /* Project object */;
			proxyType = 1;
			remoteGlobalIDString = 50FC7C6F220CC153006FCC35;
			remoteInfo = "AboutMe-PersonalityCheck";
		};
		50FC7C90220CC154006FCC35 /* PBXContainerItemProxy */ = {
			isa = PBXContainerItemProxy;
			containerPortal = 50FC7C68220CC153006FCC35 /* Project object */;
			proxyType = 1;
			remoteGlobalIDString = 50FC7C6F220CC153006FCC35;
			remoteInfo = "AboutMe-PersonalityCheck";
		};
/* End PBXContainerItemProxy section */

/* Begin PBXFileReference section */
		50FC7C70220CC153006FCC35 /* AboutMe-PersonalityCheck.app */ = {isa = PBXFileReference; explicitFileType = wrapper.application; includeInIndex = 0; path = "AboutMe-PersonalityCheck.app"; sourceTree = BUILT_PRODUCTS_DIR; };
		50FC7C73220CC153006FCC35 /* AppDelegate.swift */ = {isa = PBXFileReference; lastKnownFileType = sourcecode.swift; path = AppDelegate.swift; sourceTree = "<group>"; };
		50FC7C75220CC153006FCC35 /* ViewController.swift */ = {isa = PBXFileReference; lastKnownFileType = sourcecode.swift; path = ViewController.swift; sourceTree = "<group>"; };
		50FC7C78220CC153006FCC35 /* Base */ = {isa = PBXFileReference; lastKnownFileType = file.storyboard; name = Base; path = Base.lproj/Main.storyboard; sourceTree = "<group>"; };
		50FC7C7A220CC154006FCC35 /* Assets.xcassets */ = {isa = PBXFileReference; lastKnownFileType = folder.assetcatalog; path = Assets.xcassets; sourceTree = "<group>"; };
		50FC7C7D220CC154006FCC35 /* Base */ = {isa = PBXFileReference; lastKnownFileType = file.storyboard; name = Base; path = Base.lproj/LaunchScreen.storyboard; sourceTree = "<group>"; };
		50FC7C7F220CC154006FCC35 /* Info.plist */ = {isa = PBXFileReference; lastKnownFileType = text.plist.xml; path = Info.plist; sourceTree = "<group>"; };
		50FC7C84220CC154006FCC35 /* AboutMe-PersonalityCheckTests.xctest */ = {isa = PBXFileReference; explicitFileType = wrapper.cfbundle; includeInIndex = 0; path = "AboutMe-PersonalityCheckTests.xctest"; sourceTree = BUILT_PRODUCTS_DIR; };
		50FC7C88220CC154006FCC35 /* AboutMe_PersonalityCheckTests.swift */ = {isa = PBXFileReference; lastKnownFileType = sourcecode.swift; path = AboutMe_PersonalityCheckTests.swift; sourceTree = "<group>"; };
		50FC7C8A220CC154006FCC35 /* Info.plist */ = {isa = PBXFileReference; lastKnownFileType = text.plist.xml; path = Info.plist; sourceTree = "<group>"; };
		50FC7C8F220CC154006FCC35 /* AboutMe-PersonalityCheckUITests.xctest */ = {isa = PBXFileReference; explicitFileType = wrapper.cfbundle; includeInIndex = 0; path = "AboutMe-PersonalityCheckUITests.xctest"; sourceTree = BUILT_PRODUCTS_DIR; };
		50FC7C93220CC154006FCC35 /* AboutMe_PersonalityCheckUITests.swift */ = {isa = PBXFileReference; lastKnownFileType = sourcecode.swift; path = AboutMe_PersonalityCheckUITests.swift; sourceTree = "<group>"; };
		50FC7C95220CC154006FCC35 /* Info.plist */ = {isa = PBXFileReference; lastKnownFileType = text.plist.xml; path = Info.plist; sourceTree = "<group>"; };
/* End PBXFileReference section */

/* Begin PBXFrameworksBuildPhase section */
		50FC7C6D220CC153006FCC35 /* Frameworks */ = {
			isa = PBXFrameworksBuildPhase;
			buildActionMask = 2147483647;
			files = (
			);
			runOnlyForDeploymentPostprocessing = 0;
		};
		50FC7C81220CC154006FCC35 /* Frameworks */ = {
			isa = PBXFrameworksBuildPhase;
			buildActionMask = 2147483647;
			files = (
			);
			runOnlyForDeploymentPostprocessing = 0;
		};
		50FC7C8C220CC154006FCC35 /* Frameworks */ = {
			isa = PBXFrameworksBuildPhase;
			buildActionMask = 2147483647;
			files = (
			);
			runOnlyForDeploymentPostprocessing = 0;
		};
/* End PBXFrameworksBuildPhase section */

/* Begin PBXGroup section */
		50FC7C67220CC153006FCC35 = {
			isa = PBXGroup;
			children = (
				50FC7C72220CC153006FCC35 /* AboutMe-PersonalityCheck */,
				50FC7C87220CC154006FCC35 /* AboutMe-PersonalityCheckTests */,
				50FC7C92220CC154006FCC35 /* AboutMe-PersonalityCheckUITests */,
				50FC7C71220CC153006FCC35 /* Products */,
			);
			sourceTree = "<group>";
		};
		50FC7C71220CC153006FCC35 /* Products */ = {
			isa = PBXGroup;
			children = (
				50FC7C70220CC153006FCC35 /* AboutMe-PersonalityCheck.app */,
				50FC7C84220CC154006FCC35 /* AboutMe-PersonalityCheckTests.xctest */,
				50FC7C8F220CC154006FCC35 /* AboutMe-PersonalityCheckUITests.xctest */,
			);
			name = Products;
			sourceTree = "<group>";
		};
		50FC7C72220CC153006FCC35 /* AboutMe-PersonalityCheck */ = {
			isa = PBXGroup;
			children = (
				50FC7C73220CC153006FCC35 /* AppDelegate.swift */,
				50FC7C75220CC153006FCC35 /* ViewController.swift */,
				50FC7C77220CC153006FCC35 /* Main.storyboard */,
				50FC7C7A220CC154006FCC35 /* Assets.xcassets */,
				50FC7C7C220CC154006FCC35 /* LaunchScreen.storyboard */,
				50FC7C7F220CC154006FCC35 /* Info.plist */,
			);
			path = "AboutMe-PersonalityCheck";
			sourceTree = "<group>";
		};
		50FC7C87220CC154006FCC35 /* AboutMe-PersonalityCheckTests */ = {
			isa = PBXGroup;
			children = (
				50FC7C88220CC154006FCC35 /* AboutMe_PersonalityCheckTests.swift */,
				50FC7C8A220CC154006FCC35 /* Info.plist */,
			);
			path = "AboutMe-PersonalityCheckTests";
			sourceTree = "<group>";
		};
		50FC7C92220CC154006FCC35 /* AboutMe-PersonalityCheckUITests */ = {
			isa = PBXGroup;
			children = (
				50FC7C93220CC154006FCC35 /* AboutMe_PersonalityCheckUITests.swift */,
				50FC7C95220CC154006FCC35 /* Info.plist */,
			);
			path = "AboutMe-PersonalityCheckUITests";
			sourceTree = "<group>";
		};
/* End PBXGroup section */

/* Begin PBXNativeTarget section */
		50FC7C6F220CC153006FCC35 /* AboutMe-PersonalityCheck */ = {
			isa = PBXNativeTarget;
			buildConfigurationList = 50FC7C98220CC154006FCC35 /* Build configuration list for PBXNativeTarget "AboutMe-PersonalityCheck" */;
			buildPhases = (
				50FC7C6C220CC153006FCC35 /* Sources */,
				50FC7C6D220CC153006FCC35 /* Frameworks */,
				50FC7C6E220CC153006FCC35 /* Resources */,
			);
			buildRules = (
			);
			dependencies = (
			);
			name = "AboutMe-PersonalityCheck";
			productName = "AboutMe-PersonalityCheck";
			productReference = 50FC7C70220CC153006FCC35 /* AboutMe-PersonalityCheck.app */;
			productType = "com.apple.product-type.application";
		};
		50FC7C83220CC154006FCC35 /* AboutMe-PersonalityCheckTests */ = {
			isa = PBXNativeTarget;
			buildConfigurationList = 50FC7C9B220CC154006FCC35 /* Build configuration list for PBXNativeTarget "AboutMe-PersonalityCheckTests" */;
			buildPhases = (
				50FC7C80220CC154006FCC35 /* Sources */,
				50FC7C81220CC154006FCC35 /* Frameworks */,
				50FC7C82220CC154006FCC35 /* Resources */,
			);
			buildRules = (
			);
			dependencies = (
				50FC7C86220CC154006FCC35 /* PBXTargetDependency */,
			);
			name = "AboutMe-PersonalityCheckTests";
			productName = "AboutMe-PersonalityCheckTests";
			productReference = 50FC7C84220CC154006FCC35 /* AboutMe-PersonalityCheckTests.xctest */;
			productType = "com.apple.product-type.bundle.unit-test";
		};
		50FC7C8E220CC154006FCC35 /* AboutMe-PersonalityCheckUITests */ = {
			isa = PBXNativeTarget;
			buildConfigurationList = 50FC7C9E220CC154006FCC35 /* Build configuration list for PBXNativeTarget "AboutMe-PersonalityCheckUITests" */;
			buildPhases = (
				50FC7C8B220CC154006FCC35 /* Sources */,
				50FC7C8C220CC154006FCC35 /* Frameworks */,
				50FC7C8D220CC154006FCC35 /* Resources */,
			);
			buildRules = (
			);
			dependencies = (
				50FC7C91220CC154006FCC35 /* PBXTargetDependency */,
			);
			name = "AboutMe-PersonalityCheckUITests";
			productName = "AboutMe-PersonalityCheckUITests";
			productReference = 50FC7C8F220CC154006FCC35 /* AboutMe-PersonalityCheckUITests.xctest */;
			productType = "com.apple.product-type.bundle.ui-testing";
		};
/* End PBXNativeTarget section */

/* Begin PBXProject section */
		50FC7C68220CC153006FCC35 /* Project object */ = {
			isa = PBXProject;
			attributes = {
				LastSwiftUpdateCheck = 1010;
				LastUpgradeCheck = 1010;
				ORGANIZATIONNAME = "Chinonso Obidike";
				TargetAttributes = {
					50FC7C6F220CC153006FCC35 = {
						CreatedOnToolsVersion = 10.1;
					};
					50FC7C83220CC154006FCC35 = {
						CreatedOnToolsVersion = 10.1;
						TestTargetID = 50FC7C6F220CC153006FCC35;
					};
					50FC7C8E220CC154006FCC35 = {
						CreatedOnToolsVersion = 10.1;
						TestTargetID = 50FC7C6F220CC153006FCC35;
					};
				};
			};
			buildConfigurationList = 50FC7C6B220CC153006FCC35 /* Build configuration list for PBXProject "AboutMe-PersonalityCheck" */;
			compatibilityVersion = "Xcode 9.3";
			developmentRegion = en;
			hasScannedForEncodings = 0;
			knownRegions = (
				en,
				Base,
			);
			mainGroup = 50FC7C67220CC153006FCC35;
			productRefGroup = 50FC7C71220CC153006FCC35 /* Products */;
			projectDirPath = "";
			projectRoot = "";
			targets = (
				50FC7C6F220CC153006FCC35 /* AboutMe-PersonalityCheck */,
				50FC7C83220CC154006FCC35 /* AboutMe-PersonalityCheckTests */,
				50FC7C8E220CC154006FCC35 /* AboutMe-PersonalityCheckUITests */,
			);
		};
/* End PBXProject section */

/* Begin PBXResourcesBuildPhase section */
		50FC7C6E220CC153006FCC35 /* Resources */ = {
			isa = PBXResourcesBuildPhase;
			buildActionMask = 2147483647;
			files = (
				50FC7C7E220CC154006FCC35 /* LaunchScreen.storyboard in Resources */,
				50FC7C7B220CC154006FCC35 /* Assets.xcassets in Resources */,
				50FC7C79220CC153006FCC35 /* Main.storyboard in Resources */,
			);
			runOnlyForDeploymentPostprocessing = 0;
		};
		50FC7C82220CC154006FCC35 /* Resources */ = {
			isa = PBXResourcesBuildPhase;
			buildActionMask = 2147483647;
			files = (
			);
			runOnlyForDeploymentPostprocessing = 0;
		};
		50FC7C8D220CC154006FCC35 /* Resources */ = {
			isa = PBXResourcesBuildPhase;
			buildActionMask = 2147483647;
			files = (
			);
			runOnlyForDeploymentPostprocessing = 0;
		};
/* End PBXResourcesBuildPhase section */

/* Begin PBXSourcesBuildPhase section */
		50FC7C6C220CC153006FCC35 /* Sources */ = {
			isa = PBXSourcesBuildPhase;
			buildActionMask = 2147483647;
			files = (
				50FC7C76220CC153006FCC35 /* ViewController.swift in Sources */,
				50FC7C74220CC153006FCC35 /* AppDelegate.swift in Sources */,
			);
			runOnlyForDeploymentPostprocessing = 0;
		};
		50FC7C80220CC154006FCC35 /* Sources */ = {
			isa = PBXSourcesBuildPhase;
			buildActionMask = 2147483647;
			files = (
				50FC7C89220CC154006FCC35 /* AboutMe_PersonalityCheckTests.swift in Sources */,
			);
			runOnlyForDeploymentPostprocessing = 0;
		};
		50FC7C8B220CC154006FCC35 /* Sources */ = {
			isa = PBXSourcesBuildPhase;
			buildActionMask = 2147483647;
			files = (
				50FC7C94220CC154006FCC35 /* AboutMe_PersonalityCheckUITests.swift in Sources */,
			);
			runOnlyForDeploymentPostprocessing = 0;
		};
/* End PBXSourcesBuildPhase section */

/* Begin PBXTargetDependency section */
		50FC7C86220CC154006FCC35 /* PBXTargetDependency */ = {
			isa = PBXTargetDependency;
			target = 50FC7C6F220CC153006FCC35 /* AboutMe-PersonalityCheck */;
			targetProxy = 50FC7C85220CC154006FCC35 /* PBXContainerItemProxy */;
		};
		50FC7C91220CC154006FCC35 /* PBXTargetDependency */ = {
			isa = PBXTargetDependency;
			target = 50FC7C6F220CC153006FCC35 /* AboutMe-PersonalityCheck */;
			targetProxy = 50FC7C90220CC154006FCC35 /* PBXContainerItemProxy */;
		};
/* End PBXTargetDependency section */

/* Begin PBXVariantGroup section */
		50FC7C77220CC153006FCC35 /* Main.storyboard */ = {
			isa = PBXVariantGroup;
			children = (
				50FC7C78220CC153006FCC35 /* Base */,
			);
			name = Main.storyboard;
			sourceTree = "<group>";
		};
		50FC7C7C220CC154006FCC35 /* LaunchScreen.storyboard */ = {
			isa = PBXVariantGroup;
			children = (
				50FC7C7D220CC154006FCC35 /* Base */,
			);
			name = LaunchScreen.storyboard;
			sourceTree = "<group>";
		};
/* End PBXVariantGroup section */

/* Begin XCBuildConfiguration section */
		50FC7C96220CC154006FCC35 /* Debug */ = {
			isa = XCBuildConfiguration;
			buildSettings = {
				ALWAYS_SEARCH_USER_PATHS = NO;
				CLANG_ANALYZER_NONNULL = YES;
				CLANG_ANALYZER_NUMBER_OBJECT_CONVERSION = YES_AGGRESSIVE;
				CLANG_CXX_LANGUAGE_STANDARD = "gnu++14";
				CLANG_CXX_LIBRARY = "libc++";
				CLANG_ENABLE_MODULES = YES;
				CLANG_ENABLE_OBJC_ARC = YES;
				CLANG_ENABLE_OBJC_WEAK = YES;
				CLANG_WARN_BLOCK_CAPTURE_AUTORELEASING = YES;
				CLANG_WARN_BOOL_CONVERSION = YES;
				CLANG_WARN_COMMA = YES;
				CLANG_WARN_CONSTANT_CONVERSION = YES;
				CLANG_WARN_DEPRECATED_OBJC_IMPLEMENTATIONS = YES;
				CLANG_WARN_DIRECT_OBJC_ISA_USAGE = YES_ERROR;
				CLANG_WARN_DOCUMENTATION_COMMENTS = YES;
				CLANG_WARN_EMPTY_BODY = YES;
				CLANG_WARN_ENUM_CONVERSION = YES;
				CLANG_WARN_INFINITE_RECURSION = YES;
				CLANG_WARN_INT_CONVERSION = YES;
				CLANG_WARN_NON_LITERAL_NULL_CONVERSION = YES;
				CLANG_WARN_OBJC_IMPLICIT_RETAIN_SELF = YES;
				CLANG_WARN_OBJC_LITERAL_CONVERSION = YES;
				CLANG_WARN_OBJC_ROOT_CLASS = YES_ERROR;
				CLANG_WARN_RANGE_LOOP_ANALYSIS = YES;
				CLANG_WARN_STRICT_PROTOTYPES = YES;
				CLANG_WARN_SUSPICIOUS_MOVE = YES;
				CLANG_WARN_UNGUARDED_AVAILABILITY = YES_AGGRESSIVE;
				CLANG_WARN_UNREACHABLE_CODE = YES;
				CLANG_WARN__DUPLICATE_METHOD_MATCH = YES;
				CODE_SIGN_IDENTITY = "iPhone Developer";
				COPY_PHASE_STRIP = NO;
				DEBUG_INFORMATION_FORMAT = dwarf;
				ENABLE_STRICT_OBJC_MSGSEND = YES;
				ENABLE_TESTABILITY = YES;
				GCC_C_LANGUAGE_STANDARD = gnu11;
				GCC_DYNAMIC_NO_PIC = NO;
				GCC_NO_COMMON_BLOCKS = YES;
				GCC_OPTIMIZATION_LEVEL = 0;
				GCC_PREPROCESSOR_DEFINITIONS = (
					"DEBUG=1",
					"$(inherited)",
				);
				GCC_WARN_64_TO_32_BIT_CONVERSION = YES;
				GCC_WARN_ABOUT_RETURN_TYPE = YES_ERROR;
				GCC_WARN_UNDECLARED_SELECTOR = YES;
				GCC_WARN_UNINITIALIZED_AUTOS = YES_AGGRESSIVE;
				GCC_WARN_UNUSED_FUNCTION = YES;
				GCC_WARN_UNUSED_VARIABLE = YES;
				IPHONEOS_DEPLOYMENT_TARGET = 12.1;
				MTL_ENABLE_DEBUG_INFO = INCLUDE_SOURCE;
				MTL_FAST_MATH = YES;
				ONLY_ACTIVE_ARCH = YES;
				SDKROOT = iphoneos;
				SWIFT_ACTIVE_COMPILATION_CONDITIONS = DEBUG;
				SWIFT_OPTIMIZATION_LEVEL = "-Onone";
			};
			name = Debug;
		};
		50FC7C97220CC154006FCC35 /* Release */ = {
			isa = XCBuildConfiguration;
			buildSettings = {
				ALWAYS_SEARCH_USER_PATHS = NO;
				CLANG_ANALYZER_NONNULL = YES;
				CLANG_ANALYZER_NUMBER_OBJECT_CONVERSION = YES_AGGRESSIVE;
				CLANG_CXX_LANGUAGE_STANDARD = "gnu++14";
				CLANG_CXX_LIBRARY = "libc++";
				CLANG_ENABLE_MODULES = YES;
				CLANG_ENABLE_OBJC_ARC = YES;
				CLANG_ENABLE_OBJC_WEAK = YES;
				CLANG_WARN_BLOCK_CAPTURE_AUTORELEASING = YES;
				CLANG_WARN_BOOL_CONVERSION = YES;
				CLANG_WARN_COMMA = YES;
				CLANG_WARN_CONSTANT_CONVERSION = YES;
				CLANG_WARN_DEPRECATED_OBJC_IMPLEMENTATIONS = YES;
				CLANG_WARN_DIRECT_OBJC_ISA_USAGE = YES_ERROR;
				CLANG_WARN_DOCUMENTATION_COMMENTS = YES;
				CLANG_WARN_EMPTY_BODY = YES;
				CLANG_WARN_ENUM_CONVERSION = YES;
				CLANG_WARN_INFINITE_RECURSION = YES;
				CLANG_WARN_INT_CONVERSION = YES;
				CLANG_WARN_NON_LITERAL_NULL_CONVERSION = YES;
				CLANG_WARN_OBJC_IMPLICIT_RETAIN_SELF = YES;
				CLANG_WARN_OBJC_LITERAL_CONVERSION = YES;
				CLANG_WARN_OBJC_ROOT_CLASS = YES_ERROR;
				CLANG_WARN_RANGE_LOOP_ANALYSIS = YES;
				CLANG_WARN_STRICT_PROTOTYPES = YES;
				CLANG_WARN_SUSPICIOUS_MOVE = YES;
				CLANG_WARN_UNGUARDED_AVAILABILITY = YES_AGGRESSIVE;
				CLANG_WARN_UNREACHABLE_CODE = YES;
				CLANG_WARN__DUPLICATE_METHOD_MATCH = YES;
				CODE_SIGN_IDENTITY = "iPhone Developer";
				COPY_PHASE_STRIP = NO;
				DEBUG_INFORMATION_FORMAT = "dwarf-with-dsym";
				ENABLE_NS_ASSERTIONS = NO;
				ENABLE_STRICT_OBJC_MSGSEND = YES;
				GCC_C_LANGUAGE_STANDARD = gnu11;
				GCC_NO_COMMON_BLOCKS = YES;
				GCC_WARN_64_TO_32_BIT_CONVERSION = YES;
				GCC_WARN_ABOUT_RETURN_TYPE = YES_ERROR;
				GCC_WARN_UNDECLARED_SELECTOR = YES;
				GCC_WARN_UNINITIALIZED_AUTOS = YES_AGGRESSIVE;
				GCC_WARN_UNUSED_FUNCTION = YES;
				GCC_WARN_UNUSED_VARIABLE = YES;
				IPHONEOS_DEPLOYMENT_TARGET = 12.1;
				MTL_ENABLE_DEBUG_INFO = NO;
				MTL_FAST_MATH = YES;
				SDKROOT = iphoneos;
				SWIFT_COMPILATION_MODE = wholemodule;
				SWIFT_OPTIMIZATION_LEVEL = "-O";
				VALIDATE_PRODUCT = YES;
			};
			name = Release;
		};
		50FC7C99220CC154006FCC35 /* Debug */ = {
			isa = XCBuildConfiguration;
			buildSettings = {
				ASSETCATALOG_COMPILER_APPICON_NAME = AppIcon;
				CODE_SIGN_STYLE = Automatic;
				INFOPLIST_FILE = "AboutMe-PersonalityCheck/Info.plist";
				LD_RUNPATH_SEARCH_PATHS = (
					"$(inherited)",
					"@executable_path/Frameworks",
				);
				PRODUCT_BUNDLE_IDENTIFIER = "edu.cuny.bmcc.AboutMe-PersonalityCheck";
				PRODUCT_NAME = "$(TARGET_NAME)";
				SWIFT_VERSION = 4.2;
				TARGETED_DEVICE_FAMILY = "1,2";
			};
			name = Debug;
		};
		50FC7C9A220CC154006FCC35 /* Release */ = {
			isa = XCBuildConfiguration;
			buildSettings = {
				ASSETCATALOG_COMPILER_APPICON_NAME = AppIcon;
				CODE_SIGN_STYLE = Automatic;
				INFOPLIST_FILE = "AboutMe-PersonalityCheck/Info.plist";
				LD_RUNPATH_SEARCH_PATHS = (
					"$(inherited)",
					"@executable_path/Frameworks",
				);
				PRODUCT_BUNDLE_IDENTIFIER = "edu.cuny.bmcc.AboutMe-PersonalityCheck";
				PRODUCT_NAME = "$(TARGET_NAME)";
				SWIFT_VERSION = 4.2;
				TARGETED_DEVICE_FAMILY = "1,2";
			};
			name = Release;
		};
		50FC7C9C220CC154006FCC35 /* Debug */ = {
			isa = XCBuildConfiguration;
			buildSettings = {
				ALWAYS_EMBED_SWIFT_STANDARD_LIBRARIES = YES;
				BUNDLE_LOADER = "$(TEST_HOST)";
				CODE_SIGN_STYLE = Automatic;
				INFOPLIST_FILE = "AboutMe-PersonalityCheckTests/Info.plist";
				LD_RUNPATH_SEARCH_PATHS = (
					"$(inherited)",
					"@executable_path/Frameworks",
					"@loader_path/Frameworks",
				);
				PRODUCT_BUNDLE_IDENTIFIER = "edu.cuny.bmcc.AboutMe-PersonalityCheckTests";
				PRODUCT_NAME = "$(TARGET_NAME)";
				SWIFT_VERSION = 4.2;
				TARGETED_DEVICE_FAMILY = "1,2";
				TEST_HOST = "$(BUILT_PRODUCTS_DIR)/AboutMe-PersonalityCheck.app/AboutMe-PersonalityCheck";
			};
			name = Debug;
		};
		50FC7C9D220CC154006FCC35 /* Release */ = {
			isa = XCBuildConfiguration;
			buildSettings = {
				ALWAYS_EMBED_SWIFT_STANDARD_LIBRARIES = YES;
				BUNDLE_LOADER = "$(TEST_HOST)";
				CODE_SIGN_STYLE = Automatic;
				INFOPLIST_FILE = "AboutMe-PersonalityCheckTests/Info.plist";
				LD_RUNPATH_SEARCH_PATHS = (
					"$(inherited)",
					"@executable_path/Frameworks",
					"@loader_path/Frameworks",
				);
				PRODUCT_BUNDLE_IDENTIFIER = "edu.cuny.bmcc.AboutMe-PersonalityCheckTests";
				PRODUCT_NAME = "$(TARGET_NAME)";
				SWIFT_VERSION = 4.2;
				TARGETED_DEVICE_FAMILY = "1,2";
				TEST_HOST = "$(BUILT_PRODUCTS_DIR)/AboutMe-PersonalityCheck.app/AboutMe-PersonalityCheck";
			};
			name = Release;
		};
		50FC7C9F220CC154006FCC35 /* Debug */ = {
			isa = XCBuildConfiguration;
			buildSettings = {
				ALWAYS_EMBED_SWIFT_STANDARD_LIBRARIES = YES;
				CODE_SIGN_STYLE = Automatic;
				INFOPLIST_FILE = "AboutMe-PersonalityCheckUITests/Info.plist";
				LD_RUNPATH_SEARCH_PATHS = (
					"$(inherited)",
					"@executable_path/Frameworks",
					"@loader_path/Frameworks",
				);
				PRODUCT_BUNDLE_IDENTIFIER = "edu.cuny.bmcc.AboutMe-PersonalityCheckUITests";
				PRODUCT_NAME = "$(TARGET_NAME)";
				SWIFT_VERSION = 4.2;
				TARGETED_DEVICE_FAMILY = "1,2";
				TEST_TARGET_NAME = "AboutMe-PersonalityCheck";
			};
			name = Debug;
		};
		50FC7CA0220CC154006FCC35 /* Release */ = {
			isa = XCBuildConfiguration;
			buildSettings = {
				ALWAYS_EMBED_SWIFT_STANDARD_LIBRARIES = YES;
				CODE_SIGN_STYLE = Automatic;
				INFOPLIST_FILE = "AboutMe-PersonalityCheckUITests/Info.plist";
				LD_RUNPATH_SEARCH_PATHS = (
					"$(inherited)",
					"@executable_path/Frameworks",
					"@loader_path/Frameworks",
				);
				PRODUCT_BUNDLE_IDENTIFIER = "edu.cuny.bmcc.AboutMe-PersonalityCheckUITests";
				PRODUCT_NAME = "$(TARGET_NAME)";
				SWIFT_VERSION = 4.2;
				TARGETED_DEVICE_FAMILY = "1,2";
				TEST_TARGET_NAME = "AboutMe-PersonalityCheck";
			};
			name = Release;
		};
/* End XCBuildConfiguration section */

/* Begin XCConfigurationList section */
		50FC7C6B220CC153006FCC35 /* Build configuration list for PBXProject "AboutMe-PersonalityCheck" */ = {
			isa = XCConfigurationList;
			buildConfigurations = (
				50FC7C96220CC154006FCC35 /* Debug */,
				50FC7C97220CC154006FCC35 /* Release */,
			);
			defaultConfigurationIsVisible = 0;
			defaultConfigurationName = Release;
		};
		50FC7C98220CC154006FCC35 /* Build configuration list for PBXNativeTarget "AboutMe-PersonalityCheck" */ = {
			isa = XCConfigurationList;
			buildConfigurations = (
				50FC7C99220CC154006FCC35 /* Debug */,
				50FC7C9A220CC154006FCC35 /* Release */,
			);
			defaultConfigurationIsVisible = 0;
			defaultConfigurationName = Release;
		};
		50FC7C9B220CC154006FCC35 /* Build configuration list for PBXNativeTarget "AboutMe-PersonalityCheckTests" */ = {
			isa = XCConfigurationList;
			buildConfigurations = (
				50FC7C9C220CC154006FCC35 /* Debug */,
				50FC7C9D220CC154006FCC35 /* Release */,
			);
			defaultConfigurationIsVisible = 0;
			defaultConfigurationName = Release;
		};
		50FC7C9E220CC154006FCC35 /* Build configuration list for PBXNativeTarget "AboutMe-PersonalityCheckUITests" */ = {
			isa = XCConfigurationList;
			buildConfigurations = (
				50FC7C9F220CC154006FCC35 /* Debug */,
				50FC7CA0220CC154006FCC35 /* Release */,
			);
			defaultConfigurationIsVisible = 0;
			defaultConfigurationName = Release;
		};
/* End XCConfigurationList section */
	};
	rootObject = 50FC7C68220CC153006FCC35 /* Project object */;
}
